
Microsoft Visual Studio Solution File, Format Version 12.00
# Visual Studio Version 17
VisualStudioVersion = 17.6.33723.286
MinimumVisualStudioVersion = 10.0.40219.1
Project("{FAE04EC0-301F-11D3-BF4B-00C04F79EFBC}") = "SOLID Principles", "SOLID Principles\SOLID Principles.csproj", "{FA73864C-E4E2-4967-BA70-65A35D08B7B5}"
EndProject
Global
	GlobalSection(SolutionConfigurationPlatforms) = preSolution
		Debug|Any CPU = Debug|Any CPU
		Release|Any CPU = Release|Any CPU
	EndGlobalSection
	GlobalSection(ProjectConfigurationPlatforms) = postSolution
		{FA73864C-E4E2-4967-BA70-65A35D08B7B5}.Debug|Any CPU.ActiveCfg = Debug|Any CPU
		{FA73864C-E4E2-4967-BA70-65A35D08B7B5}.Debug|Any CPU.Build.0 = Debug|Any CPU
		{FA73864C-E4E2-4967-BA70-65A35D08B7B5}.Release|Any CPU.ActiveCfg = Release|Any CPU
		{FA73864C-E4E2-4967-BA70-65A35D08B7B5}.Release|Any CPU.Build.0 = Release|Any CPU
	EndGlobalSection
	GlobalSection(SolutionProperties) = preSolution
		HideSolutionNode = FALSE
	EndGlobalSection
	GlobalSection(ExtensibilityGlobals) = postSolution
		SolutionGuid = {B278D98B-30B5-46D8-8FAE-6B29ABD3A79C}
	EndGlobalSection
EndGlobal
